
Microsoft Visual Studio Solution File, Format Version 12.00
# Visual Studio Version 16
VisualStudioVersion = 16.0.29209.152
MinimumVisualStudioVersion = 10.0.40219.1
Project("{FAE04EC0-301F-11D3-BF4B-00C04F79EFBC}") = "dworthen.grpc.certificate", "src\dworthen.grpc.certificate\dworthen.grpc.certificate.csproj", "{6173FC63-BDB7-4ED3-B798-48A164B5DCAD}"
EndProject
Project("{FAE04EC0-301F-11D3-BF4B-00C04F79EFBC}") = "dworthen.grpc.certificate.client", "src\dworthen.grpc.certificate.client\dworthen.grpc.certificate.client.csproj", "{486F7AEB-434F-40EB-A524-85F54573C574}"
EndProject
Global
	GlobalSection(SolutionConfigurationPlatforms) = preSolution
		Debug|Any CPU = Debug|Any CPU
		Release|Any CPU = Release|Any CPU
	EndGlobalSection
	GlobalSection(ProjectConfigurationPlatforms) = postSolution
		{6173FC63-BDB7-4ED3-B798-48A164B5DCAD}.Debug|Any CPU.ActiveCfg = Debug|Any CPU
		{6173FC63-BDB7-4ED3-B798-48A164B5DCAD}.Debug|Any CPU.Build.0 = Debug|Any CPU
		{6173FC63-BDB7-4ED3-B798-48A164B5DCAD}.Release|Any CPU.ActiveCfg = Release|Any CPU
		{6173FC63-BDB7-4ED3-B798-48A164B5DCAD}.Release|Any CPU.Build.0 = Release|Any CPU
		{486F7AEB-434F-40EB-A524-85F54573C574}.Debug|Any CPU.ActiveCfg = Debug|Any CPU
		{486F7AEB-434F-40EB-A524-85F54573C574}.Debug|Any CPU.Build.0 = Debug|Any CPU
		{486F7AEB-434F-40EB-A524-85F54573C574}.Release|Any CPU.ActiveCfg = Release|Any CPU
		{486F7AEB-434F-40EB-A524-85F54573C574}.Release|Any CPU.Build.0 = Release|Any CPU
	EndGlobalSection
	GlobalSection(SolutionProperties) = preSolution
		HideSolutionNode = FALSE
	EndGlobalSection
	GlobalSection(ExtensibilityGlobals) = postSolution
		SolutionGuid = {F00CCC84-30F5-4439-879B-6F71A9499AC2}
	EndGlobalSection
EndGlobal
